
Microsoft Visual Studio Solution File, Format Version 12.00
# Visual Studio 15
VisualStudioVersion = 15.0.28010.2046
MinimumVisualStudioVersion = 10.0.40219.1
Project("{8BC9CEB8-8B4A-11D0-8D11-00A0C91BC942}") = "将一个数二进制从左到右翻转", "将一个数二进制从左到右翻转\将一个数二进制从左到右翻转.vcxproj", "{E17B6EF5-A58D-4395-ADD6-0E9DF52F1457}"
EndProject
Global
	GlobalSection(SolutionConfigurationPlatforms) = preSolution
		Debug|x64 = Debug|x64
		Debug|x86 = Debug|x86
		Release|x64 = Release|x64
		Release|x86 = Release|x86
	EndGlobalSection
	GlobalSection(ProjectConfigurationPlatforms) = postSolution
		{E17B6EF5-A58D-4395-ADD6-0E9DF52F1457}.Debug|x64.ActiveCfg = Debug|x64
		{E17B6EF5-A58D-4395-ADD6-0E9DF52F1457}.Debug|x64.Build.0 = Debug|x64
		{E17B6EF5-A58D-4395-ADD6-0E9DF52F1457}.Debug|x86.ActiveCfg = Debug|Win32
		{E17B6EF5-A58D-4395-ADD6-0E9DF52F1457}.Debug|x86.Build.0 = Debug|Win32
		{E17B6EF5-A58D-4395-ADD6-0E9DF52F1457}.Release|x64.ActiveCfg = Release|x64
		{E17B6EF5-A58D-4395-ADD6-0E9DF52F1457}.Release|x64.Build.0 = Release|x64
		{E17B6EF5-A58D-4395-ADD6-0E9DF52F1457}.Release|x86.ActiveCfg = Release|Win32
		{E17B6EF5-A58D-4395-ADD6-0E9DF52F1457}.Release|x86.Build.0 = Release|Win32
	EndGlobalSection
	GlobalSection(SolutionProperties) = preSolution
		HideSolutionNode = FALSE
	EndGlobalSection
	GlobalSection(ExtensibilityGlobals) = postSolution
		SolutionGuid = {106016F4-0333-43B0-8EA9-33135D55241E}
	EndGlobalSection
EndGlobal
