
Microsoft Visual Studio Solution File, Format Version 12.00
# Visual Studio 15
VisualStudioVersion = 15.0.28010.2046
MinimumVisualStudioVersion = 10.0.40219.1
Project("{8BC9CEB8-8B4A-11D0-8D11-00A0C91BC942}") = "六边形", "六边形.vcxproj", "{BFE94EA6-7271-4029-AF57-207D50CF6518}"
EndProject
Global
	GlobalSection(SolutionConfigurationPlatforms) = preSolution
		Debug|x64 = Debug|x64
		Debug|x86 = Debug|x86
		Release|x64 = Release|x64
		Release|x86 = Release|x86
	EndGlobalSection
	GlobalSection(ProjectConfigurationPlatforms) = postSolution
		{BFE94EA6-7271-4029-AF57-207D50CF6518}.Debug|x64.ActiveCfg = Debug|x64
		{BFE94EA6-7271-4029-AF57-207D50CF6518}.Debug|x64.Build.0 = Debug|x64
		{BFE94EA6-7271-4029-AF57-207D50CF6518}.Debug|x86.ActiveCfg = Debug|Win32
		{BFE94EA6-7271-4029-AF57-207D50CF6518}.Debug|x86.Build.0 = Debug|Win32
		{BFE94EA6-7271-4029-AF57-207D50CF6518}.Release|x64.ActiveCfg = Release|x64
		{BFE94EA6-7271-4029-AF57-207D50CF6518}.Release|x64.Build.0 = Release|x64
		{BFE94EA6-7271-4029-AF57-207D50CF6518}.Release|x86.ActiveCfg = Release|Win32
		{BFE94EA6-7271-4029-AF57-207D50CF6518}.Release|x86.Build.0 = Release|Win32
	EndGlobalSection
	GlobalSection(SolutionProperties) = preSolution
		HideSolutionNode = FALSE
	EndGlobalSection
	GlobalSection(ExtensibilityGlobals) = postSolution
		SolutionGuid = {46827F9A-1B07-4F80-B65E-07B828AA47C3}
	EndGlobalSection
EndGlobal
