
Microsoft Visual Studio Solution File, Format Version 12.00
# Visual Studio 15
VisualStudioVersion = 15.0.28010.2046
MinimumVisualStudioVersion = 10.0.40219.1
Project("{8BC9CEB8-8B4A-11D0-8D11-00A0C91BC942}") = "判断两个字符串，其中一个是否为旋转后的", "判断两个字符串，其中一个是否为旋转后的\判断两个字符串，其中一个是否为旋转后的.vcxproj", "{7C86EF15-2308-482E-8683-19A8C724F257}"
EndProject
Global
	GlobalSection(SolutionConfigurationPlatforms) = preSolution
		Debug|x64 = Debug|x64
		Debug|x86 = Debug|x86
		Release|x64 = Release|x64
		Release|x86 = Release|x86
	EndGlobalSection
	GlobalSection(ProjectConfigurationPlatforms) = postSolution
		{7C86EF15-2308-482E-8683-19A8C724F257}.Debug|x64.ActiveCfg = Debug|x64
		{7C86EF15-2308-482E-8683-19A8C724F257}.Debug|x64.Build.0 = Debug|x64
		{7C86EF15-2308-482E-8683-19A8C724F257}.Debug|x86.ActiveCfg = Debug|Win32
		{7C86EF15-2308-482E-8683-19A8C724F257}.Debug|x86.Build.0 = Debug|Win32
		{7C86EF15-2308-482E-8683-19A8C724F257}.Release|x64.ActiveCfg = Release|x64
		{7C86EF15-2308-482E-8683-19A8C724F257}.Release|x64.Build.0 = Release|x64
		{7C86EF15-2308-482E-8683-19A8C724F257}.Release|x86.ActiveCfg = Release|Win32
		{7C86EF15-2308-482E-8683-19A8C724F257}.Release|x86.Build.0 = Release|Win32
	EndGlobalSection
	GlobalSection(SolutionProperties) = preSolution
		HideSolutionNode = FALSE
	EndGlobalSection
	GlobalSection(ExtensibilityGlobals) = postSolution
		SolutionGuid = {10DB1C07-B48C-4A8A-8C7D-CD8758DCD46E}
	EndGlobalSection
EndGlobal
